<?xml version="1.0" encoding="utf-8"?>
<Project ToolsVersion="4.0" xmlns="http://schemas.microsoft.com/developer/msbuild/2003">
  <ItemGroup>
    <Filter Include="Source Files">
      <UniqueIdentifier>{4FC737F1-C7A5-4376-A066-2A32D752A2FF}</UniqueIdentifier>
      <Extensions>cpp;c;cc;cxx;def;odl;idl;hpj;bat;asm;asmx</Extensions>
    </Filter>
    <Filter Include="Header files">
      <UniqueIdentifier>{93995380-89BD-4b04-88EB-625FBE52EBFB}</UniqueIdentifier>
      <Extensions>h;hh;hpp;hxx;hm;inl;inc;xsd</Extensions>
    </Filter>
    <Filter Include="Resource files">
      <UniqueIdentifier>{67DA6AB6-F800-4c08-8B7A-83BB121AAD01}</UniqueIdentifier>
      <Extensions>rc;ico;cur;bmp;dlg;rc2;rct;bin;rgs;gif;jpg;jpeg;jpe;resx;tiff;tif;png;wav;mfcribbon-ms</Extensions>
    </Filter>
  </ItemGroup>
  <ItemGroup>
    <ClInclude Include="Common.h">
      <Filter>Header files</Filter>
    </ClInclude>
    <ClInclude Include="CommonTypes.h">
      <Filter>Header files</Filter>
    </ClInclude>
    <ClInclude Include="ControlProcedures.h">
      <Filter>Header files</Filter>
    </ClInclude>
    <ClInclude Include="DisplayManager.h">
      <Filter>Header files</Filter>
    </ClInclude>
    <ClInclude Include="DuplicationManager.h">
      <Filter>Header files</Filter>
    </ClInclude>
    <ClInclude Include="LANGUAGE_MANAGER.h">
      <Filter>Header files</Filter>
    </ClInclude>
    <ClInclude Include="Manager.h">
      <Filter>Header files</Filter>
    </ClInclude>
    <ClInclude Include="OutputManager.h">
      <Filter>Header files</Filter>
    </ClInclude>
    <ClInclude Include="resource.h">
      <Filter>Header files</Filter>
    </ClInclude>
    <ClInclude Include="Settings.h">
      <Filter>Header files</Filter>
    </ClInclude>
    <ClInclude Include="ThreadManager.h">
      <Filter>Header files</Filter>
    </ClInclude>
    <ClInclude Include="TOOLTIP_REPO.h">
      <Filter>Header files</Filter>
    </ClInclude>
    <ClInclude Include="TRAY_HANDLER.h">
      <Filter>Header files</Filter>
    </ClInclude>
    <ClInclude Include="fmt\core.h">
      <Filter>Header files</Filter>
    </ClInclude>
    <ClInclude Include="fmt\format-inl.h">
      <Filter>Header files</Filter>
    </ClInclude>
    <ClInclude Include="fmt\format.h">
      <Filter>Header files</Filter>
    </ClInclude>
    <ClInclude Include="DYNAMIC_WAIT.h">
      <Filter>Header files</Filter>
    </ClInclude>
    <ClInclude Include="ImagePresentation.h">
      <Filter>Header files</Filter>
    </ClInclude>
  </ItemGroup>
  <ItemGroup>
    <ResourceCompile Include="SmartVeil.rc">
      <Filter>Resource files</Filter>
    </ResourceCompile>
  </ItemGroup>
  <ItemGroup>
    <Image Include="combo.ico">
      <Filter>Resource Files</Filter>
    </Image>
    <Image Include="cross.ico">
      <Filter>Resource Files</Filter>
    </Image>
    <Image Include="floppy.ico">
      <Filter>Resource Files</Filter>
    </Image>
    <Image Include="logo.ico">
      <Filter>Resource Files</Filter>
    </Image>
    <Image Include="minimize.ico">
      <Filter>Resource Files</Filter>
    </Image>
    <Image Include="settings.ico">
      <Filter>Resource Files</Filter>
    </Image>
    <Image Include="tick.ico">
      <Filter>Resource Files</Filter>
    </Image>
    <Image Include="ico00001.ico">
      <Filter>Resource files</Filter>
    </Image>
    <Image Include="icon1.ico">
      <Filter>Resource files</Filter>
    </Image>
    <Image Include="icon2.ico">
      <Filter>Resource files</Filter>
    </Image>
    <Image Include="icon3.ico">
      <Filter>Resource files</Filter>
    </Image>
    <Image Include="settings_double_center.ico">
      <Filter>Resource files</Filter>
    </Image>
  </ItemGroup>
  <ItemGroup>
    <FxCompile Include="PixelShader.hlsl" />
    <FxCompile Include="PSVeil.hlsl" />
    <FxCompile Include="VertexShader.hlsl" />
  </ItemGroup>
  <ItemGroup>
    <ClCompile Include="Common.cpp">
      <Filter>Source Files</Filter>
    </ClCompile>
    <ClCompile Include="ControlProcedures.cpp">
      <Filter>Source Files</Filter>
    </ClCompile>
    <ClCompile Include="Main.cpp">
      <Filter>Source Files</Filter>
    </ClCompile>
    <ClCompile Include="Manager.cpp">
      <Filter>Source Files</Filter>
    </ClCompile>
    <ClCompile Include="DisplayManager.cpp">
      <Filter>Source Files</Filter>
    </ClCompile>
    <ClCompile Include="DuplicationManager.cpp">
      <Filter>Source Files</Filter>
    </ClCompile>
    <ClCompile Include="fmt\format.cc">
      <Filter>Source Files</Filter>
    </ClCompile>
    <ClCompile Include="LANGUAGE_MANAGER.cpp">
      <Filter>Source Files</Filter>
    </ClCompile>
    <ClCompile Include="OutputManager.cpp">
      <Filter>Source Files</Filter>
    </ClCompile>
    <ClCompile Include="Settings.cpp">
      <Filter>Source Files</Filter>
    </ClCompile>
    <ClCompile Include="Startup.cpp">
      <Filter>Source Files</Filter>
    </ClCompile>
    <ClCompile Include="ThreadManager.cpp">
      <Filter>Source Files</Filter>
    </ClCompile>
    <ClCompile Include="TOOLTIP_REPO.cpp">
      <Filter>Source Files</Filter>
    </ClCompile>
    <ClCompile Include="TRAY_HANDLER.cpp">
      <Filter>Source Files</Filter>
    </ClCompile>
    <ClCompile Include="utils.cpp">
      <Filter>Source Files</Filter>
    </ClCompile>
    <ClCompile Include="DYNAMIC_WAIT.cpp">
      <Filter>Source Files</Filter>
    </ClCompile>
    <ClCompile Include="ImagePresentation.cpp">
      <Filter>Source Files</Filter>
    </ClCompile>
    <ClCompile Include="CommonTypes.cpp">
      <Filter>Source Files</Filter>
    </ClCompile>
  </ItemGroup>
</Project>